
Microsoft Visual Studio Solution File, Format Version 12.00
# Visual Studio Version 16
VisualStudioVersion = 16.0.29001.49
MinimumVisualStudioVersion = 10.0.40219.1
Project("{FAE04EC0-301F-11D3-BF4B-00C04F79EFBC}") = "Listass", "Listass\Listass.csproj", "{336EEA54-576D-4D50-8DE3-6FB2D4DF0667}"
EndProject
Global
	GlobalSection(SolutionConfigurationPlatforms) = preSolution
		Debug|Any CPU = Debug|Any CPU
		Release|Any CPU = Release|Any CPU
	EndGlobalSection
	GlobalSection(ProjectConfigurationPlatforms) = postSolution
		{336EEA54-576D-4D50-8DE3-6FB2D4DF0667}.Debug|Any CPU.ActiveCfg = Debug|Any CPU
		{336EEA54-576D-4D50-8DE3-6FB2D4DF0667}.Debug|Any CPU.Build.0 = Debug|Any CPU
		{336EEA54-576D-4D50-8DE3-6FB2D4DF0667}.Release|Any CPU.ActiveCfg = Release|Any CPU
		{336EEA54-576D-4D50-8DE3-6FB2D4DF0667}.Release|Any CPU.Build.0 = Release|Any CPU
	EndGlobalSection
	GlobalSection(SolutionProperties) = preSolution
		HideSolutionNode = FALSE
	EndGlobalSection
	GlobalSection(ExtensibilityGlobals) = postSolution
		SolutionGuid = {17D17A4C-7132-43DE-A929-BCEFC13B5C01}
	EndGlobalSection
EndGlobal
